
Microsoft Visual Studio Solution File, Format Version 12.00
# Visual Studio Version 16
VisualStudioVersion = 16.0.29613.14
MinimumVisualStudioVersion = 10.0.40219.1
Project("{FAE04EC0-301F-11D3-BF4B-00C04F79EFBC}") = "oep_dotnet", "oep_dotnet.csproj", "{556BC3F6-FB35-4FC3-85D7-C916B68F6388}"
EndProject
Global
	GlobalSection(SolutionConfigurationPlatforms) = preSolution
		Debug|Any CPU = Debug|Any CPU
		Release|Any CPU = Release|Any CPU
	EndGlobalSection
	GlobalSection(ProjectConfigurationPlatforms) = postSolution
		{556BC3F6-FB35-4FC3-85D7-C916B68F6388}.Debug|Any CPU.ActiveCfg = Debug|Any CPU
		{556BC3F6-FB35-4FC3-85D7-C916B68F6388}.Debug|Any CPU.Build.0 = Debug|Any CPU
		{556BC3F6-FB35-4FC3-85D7-C916B68F6388}.Release|Any CPU.ActiveCfg = Release|Any CPU
		{556BC3F6-FB35-4FC3-85D7-C916B68F6388}.Release|Any CPU.Build.0 = Release|Any CPU
	EndGlobalSection
	GlobalSection(SolutionProperties) = preSolution
		HideSolutionNode = FALSE
	EndGlobalSection
	GlobalSection(ExtensibilityGlobals) = postSolution
		SolutionGuid = {D0A330A9-11AE-4110-A8C8-D0AED5C4231F}
	EndGlobalSection
EndGlobal
